
Microsoft Visual Studio Solution File, Format Version 12.00
# Visual Studio Version 16
VisualStudioVersion = 16.0.29102.190
MinimumVisualStudioVersion = 10.0.40219.1
Project("{FAE04EC0-301F-11D3-BF4B-00C04F79EFBC}") = "Technicians", "Technicians.csproj", "{01F053FB-54A1-4908-82CB-EE5BB23327C3}"
EndProject
Global
	GlobalSection(SolutionConfigurationPlatforms) = preSolution
		Debug|Any CPU = Debug|Any CPU
		Release|Any CPU = Release|Any CPU
	EndGlobalSection
	GlobalSection(ProjectConfigurationPlatforms) = postSolution
		{01F053FB-54A1-4908-82CB-EE5BB23327C3}.Debug|Any CPU.ActiveCfg = Debug|Any CPU
		{01F053FB-54A1-4908-82CB-EE5BB23327C3}.Debug|Any CPU.Build.0 = Debug|Any CPU
		{01F053FB-54A1-4908-82CB-EE5BB23327C3}.Release|Any CPU.ActiveCfg = Release|Any CPU
		{01F053FB-54A1-4908-82CB-EE5BB23327C3}.Release|Any CPU.Build.0 = Release|Any CPU
	EndGlobalSection
	GlobalSection(SolutionProperties) = preSolution
		HideSolutionNode = FALSE
	EndGlobalSection
	GlobalSection(ExtensibilityGlobals) = postSolution
		SolutionGuid = {E3A75E5D-044F-4904-BC3C-579DB6774AEA}
	EndGlobalSection
EndGlobal
